
Microsoft Visual Studio Solution File, Format Version 12.00
# Visual Studio Version 17
VisualStudioVersion = 17.7.34024.191
MinimumVisualStudioVersion = 10.0.40219.1
Project("{FAE04EC0-301F-11D3-BF4B-00C04F79EFBC}") = "crudStudent", "crudStudent\crudStudent.csproj", "{07B34752-B483-485C-9648-8146BB5DE155}"
EndProject
Global
	GlobalSection(SolutionConfigurationPlatforms) = preSolution
		Debug|Any CPU = Debug|Any CPU
		Release|Any CPU = Release|Any CPU
	EndGlobalSection
	GlobalSection(ProjectConfigurationPlatforms) = postSolution
		{07B34752-B483-485C-9648-8146BB5DE155}.Debug|Any CPU.ActiveCfg = Debug|Any CPU
		{07B34752-B483-485C-9648-8146BB5DE155}.Debug|Any CPU.Build.0 = Debug|Any CPU
		{07B34752-B483-485C-9648-8146BB5DE155}.Release|Any CPU.ActiveCfg = Release|Any CPU
		{07B34752-B483-485C-9648-8146BB5DE155}.Release|Any CPU.Build.0 = Release|Any CPU
	EndGlobalSection
	GlobalSection(SolutionProperties) = preSolution
		HideSolutionNode = FALSE
	EndGlobalSection
	GlobalSection(ExtensibilityGlobals) = postSolution
		SolutionGuid = {E1013DAE-1F44-4826-B2A2-31BB36BC5EAB}
	EndGlobalSection
EndGlobal
